
Microsoft Visual Studio Solution File, Format Version 12.00
# Visual Studio Version 17
VisualStudioVersion = 17.7.34024.191
MinimumVisualStudioVersion = 10.0.40219.1
Project("{FAE04EC0-301F-11D3-BF4B-00C04F79EFBC}") = "Example 7", "Example 7.csproj", "{AAE83064-10C2-4681-B3DA-93F8619A17CB}"
EndProject
Global
	GlobalSection(SolutionConfigurationPlatforms) = preSolution
		Debug|Any CPU = Debug|Any CPU
		Release|Any CPU = Release|Any CPU
	EndGlobalSection
	GlobalSection(ProjectConfigurationPlatforms) = postSolution
		{AAE83064-10C2-4681-B3DA-93F8619A17CB}.Debug|Any CPU.ActiveCfg = Debug|Any CPU
		{AAE83064-10C2-4681-B3DA-93F8619A17CB}.Debug|Any CPU.Build.0 = Debug|Any CPU
		{AAE83064-10C2-4681-B3DA-93F8619A17CB}.Release|Any CPU.ActiveCfg = Release|Any CPU
		{AAE83064-10C2-4681-B3DA-93F8619A17CB}.Release|Any CPU.Build.0 = Release|Any CPU
	EndGlobalSection
	GlobalSection(SolutionProperties) = preSolution
		HideSolutionNode = FALSE
	EndGlobalSection
	GlobalSection(ExtensibilityGlobals) = postSolution
		SolutionGuid = {18D07D29-029A-4DE9-A76C-66C6CF1C052C}
	EndGlobalSection
EndGlobal
